
Microsoft Visual Studio Solution File, Format Version 12.00
# Visual Studio Version 17
VisualStudioVersion = 17.1.32210.238
MinimumVisualStudioVersion = 10.0.40219.1
Project("{2150E333-8FDC-42A3-9474-1A3956D46DE8}") = "CleanArch.Application", "CleanArch.Application", "{1383A81E-379F-49CF-A53C-1EE6967D6015}"
EndProject
Project("{2150E333-8FDC-42A3-9474-1A3956D46DE8}") = "CleanArch.Domain", "CleanArch.Domain", "{AE2C1BD2-21E3-44FF-99F7-236AD1C11EBC}"
EndProject
Project("{2150E333-8FDC-42A3-9474-1A3956D46DE8}") = "ClanArch.Infra.IoC", "ClanArch.Infra.IoC", "{7C609DFD-DBF0-4291-9466-EC82D2F1C06C}"
EndProject
Project("{2150E333-8FDC-42A3-9474-1A3956D46DE8}") = "CleanArch.Infra.Data", "CleanArch.Infra.Data", "{7812E422-25BB-44AD-96EE-DF53AAB5144E}"
EndProject
Project("{2150E333-8FDC-42A3-9474-1A3956D46DE8}") = "ClanArch.UI.Mvc", "ClanArch.UI.Mvc", "{CEA39108-C0D1-4F39-A05D-4907112EDC28}"
EndProject
Global
	GlobalSection(SolutionProperties) = preSolution
		HideSolutionNode = FALSE
	EndGlobalSection
	GlobalSection(ExtensibilityGlobals) = postSolution
		SolutionGuid = {4DF9E333-D127-47F7-B453-B51861220B02}
	EndGlobalSection
EndGlobal
